
Microsoft Visual Studio Solution File, Format Version 12.00
# Visual Studio Version 17
VisualStudioVersion = 17.10.35013.160
MinimumVisualStudioVersion = 10.0.40219.1
Project("{FAE04EC0-301F-11D3-BF4B-00C04F79EFBC}") = "project-01", "project-01\project-01.csproj", "{B1D5DA50-FE0B-4DBC-A29A-819998082169}"
EndProject
Global
	GlobalSection(SolutionConfigurationPlatforms) = preSolution
		Debug|Any CPU = Debug|Any CPU
		Release|Any CPU = Release|Any CPU
	EndGlobalSection
	GlobalSection(ProjectConfigurationPlatforms) = postSolution
		{B1D5DA50-FE0B-4DBC-A29A-819998082169}.Debug|Any CPU.ActiveCfg = Debug|Any CPU
		{B1D5DA50-FE0B-4DBC-A29A-819998082169}.Debug|Any CPU.Build.0 = Debug|Any CPU
		{B1D5DA50-FE0B-4DBC-A29A-819998082169}.Release|Any CPU.ActiveCfg = Release|Any CPU
		{B1D5DA50-FE0B-4DBC-A29A-819998082169}.Release|Any CPU.Build.0 = Release|Any CPU
	EndGlobalSection
	GlobalSection(SolutionProperties) = preSolution
		HideSolutionNode = FALSE
	EndGlobalSection
	GlobalSection(ExtensibilityGlobals) = postSolution
		SolutionGuid = {D1055860-E6C9-4720-A813-D36FC44BC59F}
	EndGlobalSection
EndGlobal
