
Microsoft Visual Studio Solution File, Format Version 12.00
# Visual Studio Version 17
VisualStudioVersion = 17.10.34928.147
MinimumVisualStudioVersion = 10.0.40219.1
Project("{FAE04EC0-301F-11D3-BF4B-00C04F79EFBC}") = "Hello-002", "Hello-002\Hello-002.csproj", "{DE56C9FC-7903-4371-87CD-8E1EB04A9061}"
EndProject
Global
	GlobalSection(SolutionConfigurationPlatforms) = preSolution
		Debug|Any CPU = Debug|Any CPU
		Release|Any CPU = Release|Any CPU
	EndGlobalSection
	GlobalSection(ProjectConfigurationPlatforms) = postSolution
		{DE56C9FC-7903-4371-87CD-8E1EB04A9061}.Debug|Any CPU.ActiveCfg = Debug|Any CPU
		{DE56C9FC-7903-4371-87CD-8E1EB04A9061}.Debug|Any CPU.Build.0 = Debug|Any CPU
		{DE56C9FC-7903-4371-87CD-8E1EB04A9061}.Release|Any CPU.ActiveCfg = Release|Any CPU
		{DE56C9FC-7903-4371-87CD-8E1EB04A9061}.Release|Any CPU.Build.0 = Release|Any CPU
	EndGlobalSection
	GlobalSection(SolutionProperties) = preSolution
		HideSolutionNode = FALSE
	EndGlobalSection
	GlobalSection(ExtensibilityGlobals) = postSolution
		SolutionGuid = {C886DAFE-F41C-4B4A-8326-42F9272CF35E}
	EndGlobalSection
EndGlobal
