
Microsoft Visual Studio Solution File, Format Version 12.00
# Visual Studio Version 17
VisualStudioVersion = 17.10.34928.147
MinimumVisualStudioVersion = 10.0.40219.1
Project("{FAE04EC0-301F-11D3-BF4B-00C04F79EFBC}") = "Hello-005", "Hello-005\Hello-005.csproj", "{F7D20D32-F97E-4200-A06D-44CC874970C2}"
EndProject
Global
	GlobalSection(SolutionConfigurationPlatforms) = preSolution
		Debug|Any CPU = Debug|Any CPU
		Release|Any CPU = Release|Any CPU
	EndGlobalSection
	GlobalSection(ProjectConfigurationPlatforms) = postSolution
		{F7D20D32-F97E-4200-A06D-44CC874970C2}.Debug|Any CPU.ActiveCfg = Debug|Any CPU
		{F7D20D32-F97E-4200-A06D-44CC874970C2}.Debug|Any CPU.Build.0 = Debug|Any CPU
		{F7D20D32-F97E-4200-A06D-44CC874970C2}.Release|Any CPU.ActiveCfg = Release|Any CPU
		{F7D20D32-F97E-4200-A06D-44CC874970C2}.Release|Any CPU.Build.0 = Release|Any CPU
	EndGlobalSection
	GlobalSection(SolutionProperties) = preSolution
		HideSolutionNode = FALSE
	EndGlobalSection
	GlobalSection(ExtensibilityGlobals) = postSolution
		SolutionGuid = {DA56FA1B-C439-4AFC-9316-6E7FCC372B85}
	EndGlobalSection
EndGlobal
