
Microsoft Visual Studio Solution File, Format Version 12.00
# Visual Studio Version 17
VisualStudioVersion = 17.10.34928.147
MinimumVisualStudioVersion = 10.0.40219.1
Project("{FAE04EC0-301F-11D3-BF4B-00C04F79EFBC}") = "Hello-004", "Hello-004\Hello-004.csproj", "{2F984F1F-F310-4EE6-9B97-0723D775BFAA}"
EndProject
Global
	GlobalSection(SolutionConfigurationPlatforms) = preSolution
		Debug|Any CPU = Debug|Any CPU
		Release|Any CPU = Release|Any CPU
	EndGlobalSection
	GlobalSection(ProjectConfigurationPlatforms) = postSolution
		{2F984F1F-F310-4EE6-9B97-0723D775BFAA}.Debug|Any CPU.ActiveCfg = Debug|Any CPU
		{2F984F1F-F310-4EE6-9B97-0723D775BFAA}.Debug|Any CPU.Build.0 = Debug|Any CPU
		{2F984F1F-F310-4EE6-9B97-0723D775BFAA}.Release|Any CPU.ActiveCfg = Release|Any CPU
		{2F984F1F-F310-4EE6-9B97-0723D775BFAA}.Release|Any CPU.Build.0 = Release|Any CPU
	EndGlobalSection
	GlobalSection(SolutionProperties) = preSolution
		HideSolutionNode = FALSE
	EndGlobalSection
	GlobalSection(ExtensibilityGlobals) = postSolution
		SolutionGuid = {12ACADE0-ADAE-4D0B-AF3D-F7C7D75E8768}
	EndGlobalSection
EndGlobal
