
Microsoft Visual Studio Solution File, Format Version 12.00
# Visual Studio Version 17
VisualStudioVersion = 17.10.34928.147
MinimumVisualStudioVersion = 10.0.40219.1
Project("{FAE04EC0-301F-11D3-BF4B-00C04F79EFBC}") = "Hello-001", "Hello-001\Hello-001.csproj", "{A8DFFDE2-DFDF-4A51-AA3E-E73593389182}"
EndProject
Global
	GlobalSection(SolutionConfigurationPlatforms) = preSolution
		Debug|Any CPU = Debug|Any CPU
		Release|Any CPU = Release|Any CPU
	EndGlobalSection
	GlobalSection(ProjectConfigurationPlatforms) = postSolution
		{A8DFFDE2-DFDF-4A51-AA3E-E73593389182}.Debug|Any CPU.ActiveCfg = Debug|Any CPU
		{A8DFFDE2-DFDF-4A51-AA3E-E73593389182}.Debug|Any CPU.Build.0 = Debug|Any CPU
		{A8DFFDE2-DFDF-4A51-AA3E-E73593389182}.Release|Any CPU.ActiveCfg = Release|Any CPU
		{A8DFFDE2-DFDF-4A51-AA3E-E73593389182}.Release|Any CPU.Build.0 = Release|Any CPU
	EndGlobalSection
	GlobalSection(SolutionProperties) = preSolution
		HideSolutionNode = FALSE
	EndGlobalSection
	GlobalSection(ExtensibilityGlobals) = postSolution
		SolutionGuid = {2EE24FED-82AD-418D-9DAB-110CBEC59C61}
	EndGlobalSection
EndGlobal
